PODS:
  - Flutter (1.0.0)
  - flutter_statusbar_manager (0.0.1):
    - Flutter

DEPENDENCIES:
  - Flutter (from `.symlinks/flutter/ios`)
  - flutter_statusbar_manager (from `.symlinks/plugins/flutter_statusbar_manager/ios`)

EXTERNAL SOURCES:
  Flutter:
    :path: ".symlinks/flutter/ios"
  flutter_statusbar_manager:
    :path: ".symlinks/plugins/flutter_statusbar_manager/ios"

SPEC CHECKSUMS:
  Flutter: 9d0fac939486c9aba2809b7982dfdbb47a7b0296
  flutter_statusbar_manager: eb7538441baef19aa0899dc64565bc5befb1e7e1

PODFILE CHECKSUM: 1e5af4103afd21ca5ead147d7b81d06f494f51a2

COCOAPODS: 1.5.3
